
Microsoft Visual Studio Solution File, Format Version 12.00
# Visual Studio Version 16
VisualStudioVersion = 16.0.809.2
MinimumVisualStudioVersion = 10.0.40219.1
Project("{2150E333-8FDC-42A3-9474-1A3956D46DE8}") = "Services", "Services", "{5D1F84B1-CFFC-4111-9459-DD98DE677E90}"
EndProject
Project("{2150E333-8FDC-42A3-9474-1A3956D46DE8}") = "Catalog", "Catalog", "{4822CF19-B231-4EB3-9750-FE5E0DA588E4}"
EndProject
Project("{FAE04EC0-301F-11D3-BF4B-00C04F79EFBC}") = "Catalog.API", "Catalog.API\Catalog.API.csproj", "{FAA0BC40-442A-47EE-B4B1-606FE2620CB6}"
EndProject
Global
	GlobalSection(SolutionConfigurationPlatforms) = preSolution
		Debug|Any CPU = Debug|Any CPU
		Release|Any CPU = Release|Any CPU
	EndGlobalSection
	GlobalSection(ProjectConfigurationPlatforms) = postSolution
		{FAA0BC40-442A-47EE-B4B1-606FE2620CB6}.Debug|Any CPU.ActiveCfg = Debug|Any CPU
		{FAA0BC40-442A-47EE-B4B1-606FE2620CB6}.Debug|Any CPU.Build.0 = Debug|Any CPU
		{FAA0BC40-442A-47EE-B4B1-606FE2620CB6}.Release|Any CPU.ActiveCfg = Release|Any CPU
		{FAA0BC40-442A-47EE-B4B1-606FE2620CB6}.Release|Any CPU.Build.0 = Release|Any CPU
	EndGlobalSection
	GlobalSection(SolutionProperties) = preSolution
		HideSolutionNode = FALSE
	EndGlobalSection
	GlobalSection(ExtensibilityGlobals) = postSolution
		SolutionGuid = {6D2825E6-371A-407E-9831-3CB800FDB642}
	EndGlobalSection
	GlobalSection(NestedProjects) = preSolution
		{4822CF19-B231-4EB3-9750-FE5E0DA588E4} = {5D1F84B1-CFFC-4111-9459-DD98DE677E90}
		{FAA0BC40-442A-47EE-B4B1-606FE2620CB6} = {4822CF19-B231-4EB3-9750-FE5E0DA588E4}
	EndGlobalSection
EndGlobal
